
Microsoft Visual Studio Solution File, Format Version 12.00
# Visual Studio 15
VisualStudioVersion = 15.0.28307.852
MinimumVisualStudioVersion = 10.0.40219.1
Project("{FAE04EC0-301F-11D3-BF4B-00C04F79EFBC}") = "PlagueButtonAPI", "PlagueButtonAPI\PlagueButtonAPI.csproj", "{1067AC86-8417-4F30-A9D0-EE8027BFB134}"
EndProject
Project("{FAE04EC0-301F-11D3-BF4B-00C04F79EFBC}") = "ExampleButtonAPIUsage", "ExampleButtonAPIUsage\ExampleButtonAPIUsage.csproj", "{4090D6AD-C19F-4E2A-9F7B-17128113E139}"
EndProject
Global
	GlobalSection(SolutionConfigurationPlatforms) = preSolution
		Debug|Any CPU = Debug|Any CPU
		Normal|Any CPU = Normal|Any CPU
		Release|Any CPU = Release|Any CPU
		VRChat Mods Folder|Any CPU = VRChat Mods Folder|Any CPU
	EndGlobalSection
	GlobalSection(ProjectConfigurationPlatforms) = postSolution
		{1067AC86-8417-4F30-A9D0-EE8027BFB134}.Debug|Any CPU.ActiveCfg = VRChat Mods Folder|Any CPU
		{1067AC86-8417-4F30-A9D0-EE8027BFB134}.Debug|Any CPU.Build.0 = VRChat Mods Folder|Any CPU
		{1067AC86-8417-4F30-A9D0-EE8027BFB134}.Normal|Any CPU.ActiveCfg = Normal|Any CPU
		{1067AC86-8417-4F30-A9D0-EE8027BFB134}.Release|Any CPU.ActiveCfg = VRChat Mods Folder|Any CPU
		{1067AC86-8417-4F30-A9D0-EE8027BFB134}.Release|Any CPU.Build.0 = VRChat Mods Folder|Any CPU
		{1067AC86-8417-4F30-A9D0-EE8027BFB134}.VRChat Mods Folder|Any CPU.ActiveCfg = VRChat Mods Folder|Any CPU
		{1067AC86-8417-4F30-A9D0-EE8027BFB134}.VRChat Mods Folder|Any CPU.Build.0 = VRChat Mods Folder|Any CPU
		{4090D6AD-C19F-4E2A-9F7B-17128113E139}.Debug|Any CPU.ActiveCfg = Debug|Any CPU
		{4090D6AD-C19F-4E2A-9F7B-17128113E139}.Debug|Any CPU.Build.0 = Debug|Any CPU
		{4090D6AD-C19F-4E2A-9F7B-17128113E139}.Normal|Any CPU.ActiveCfg = Release|Any CPU
		{4090D6AD-C19F-4E2A-9F7B-17128113E139}.Normal|Any CPU.Build.0 = Release|Any CPU
		{4090D6AD-C19F-4E2A-9F7B-17128113E139}.Release|Any CPU.ActiveCfg = Release|Any CPU
		{4090D6AD-C19F-4E2A-9F7B-17128113E139}.Release|Any CPU.Build.0 = Release|Any CPU
		{4090D6AD-C19F-4E2A-9F7B-17128113E139}.VRChat Mods Folder|Any CPU.ActiveCfg = Release|Any CPU
		{4090D6AD-C19F-4E2A-9F7B-17128113E139}.VRChat Mods Folder|Any CPU.Build.0 = Release|Any CPU
	EndGlobalSection
	GlobalSection(SolutionProperties) = preSolution
		HideSolutionNode = FALSE
	EndGlobalSection
	GlobalSection(ExtensibilityGlobals) = postSolution
		SolutionGuid = {56B333B1-7344-486F-8B4B-65B7696DD4DF}
	EndGlobalSection
EndGlobal
